
Microsoft Visual Studio Solution File, Format Version 12.00
# Visual Studio Version 16
VisualStudioVersion = 16.0.31025.194
MinimumVisualStudioVersion = 10.0.40219.1
Project("{FAE04EC0-301F-11D3-BF4B-00C04F79EFBC}") = "datagridfinal", "datagridfinal.csproj", "{87D53728-3F04-48D2-9315-E92B5206D0F3}"
EndProject
Global
	GlobalSection(SolutionConfigurationPlatforms) = preSolution
		Debug|Any CPU = Debug|Any CPU
		Release|Any CPU = Release|Any CPU
	EndGlobalSection
	GlobalSection(ProjectConfigurationPlatforms) = postSolution
		{87D53728-3F04-48D2-9315-E92B5206D0F3}.Debug|Any CPU.ActiveCfg = Debug|Any CPU
		{87D53728-3F04-48D2-9315-E92B5206D0F3}.Debug|Any CPU.Build.0 = Debug|Any CPU
		{87D53728-3F04-48D2-9315-E92B5206D0F3}.Release|Any CPU.ActiveCfg = Release|Any CPU
		{87D53728-3F04-48D2-9315-E92B5206D0F3}.Release|Any CPU.Build.0 = Release|Any CPU
	EndGlobalSection
	GlobalSection(SolutionProperties) = preSolution
		HideSolutionNode = FALSE
	EndGlobalSection
	GlobalSection(ExtensibilityGlobals) = postSolution
		SolutionGuid = {7042D0C7-7610-461A-BEE3-92EF9F51DA8C}
	EndGlobalSection
EndGlobal
